{
  "lockfileVersion": 1,
  "configVersion": 1,
  "workspaces": {
    "": {
      "dependencies": {
        "@kilocode/plugin": "7.1.20",
      },
    },
  },
  "packages": {
    "@kilocode/plugin": ["@kilocode/plugin@7.1.20", "", { "dependencies": { "@kilocode/sdk": "7.1.20", "zod": "4.1.8" } }, "sha512-jjH79dG0xcVmf/TRPdfzbb9zBPAi8JyWppN9NNdnmmxYxo64UAE6iUHUbYyMIthWnCGCFi6sWskcCWytSq/OjA=="],

    "@kilocode/sdk": ["@kilocode/sdk@7.1.20", "", {}, "sha512-GWtDPJLLz2i2UHxKkiapUe8sg2j+PaVE5QFHEUJGr2phtJ9xeQQNF+wjifVbrYycCbJuWh5E0M7YSZAelrvw8w=="],

    "zod": ["zod@4.1.8", "", {}, "sha512-5R1P+WwQqmmMIEACyzSvo4JXHY5WiAFHRMg+zBZKgKS+Q1viRa0C1hmUKtHltoIFKtIdki3pRxkmpP74jnNYHQ=="],
  }
}
