{
  "name": "@ultra-dex/example-research-agent",
  "version": "1.0.0",
  "lockfileVersion": 3,
  "requires": true,
  "packages": {
    "": {
      "name": "@ultra-dex/example-research-agent",
      "version": "1.0.0",
      "dependencies": {
        "@ultra-dex/dexgraph": "^1.1.0",
        "@ultra-dex/sdk": "^1.0.0"
      }
    },
    "node_modules/@ultra-dex/dexgraph": {
      "version": "1.1.0",
      "resolved": "https://registry.npmjs.org/@ultra-dex/dexgraph/-/dexgraph-1.1.0.tgz",
      "integrity": "sha512-6fTMd2sbBqXVH4ybg39M785tNNvV2lWMMMRVn52STu4p/x4uMTxY+8OSy8LSYiCfsBCAMnBrZjpuJ7Ko54XG7g==",
      "license": "MIT",
      "dependencies": {
        "js-yaml": "^4.1.0"
      },
      "peerDependencies": {
        "@ultra-dex/sdk": "^1.0.0"
      },
      "peerDependenciesMeta": {
        "@ultra-dex/sdk": {
          "optional": true
        }
      }
    },
    "node_modules/@ultra-dex/sdk": {
      "version": "1.0.0",
      "resolved": "https://registry.npmjs.org/@ultra-dex/sdk/-/sdk-1.0.0.tgz",
      "integrity": "sha512-CjMgMNyQ1/ezZ9wnuyDoCYZ7ylQFiIS5DCJQeviL7FCnEGVSxZ91SZLpxmTqIKPgOJ5l4PykZBX0/UGs/wa21A==",
      "license": "MIT",
      "bin": {
        "ultra-dex-demo": "bin/demo.js"
      }
    },
    "node_modules/argparse": {
      "version": "2.0.1",
      "resolved": "https://registry.npmjs.org/argparse/-/argparse-2.0.1.tgz",
      "integrity": "sha512-8+9WqebbFzpX9OR+Wa6O29asIogeRMzcGtAINdpMHHyAg10f05aSFVBbcEqGf/PXw1EjAZ+q2/bEBg3DvurK3Q==",
      "license": "Python-2.0"
    },
    "node_modules/js-yaml": {
      "version": "4.1.1",
      "resolved": "https://registry.npmjs.org/js-yaml/-/js-yaml-4.1.1.tgz",
      "integrity": "sha512-qQKT4zQxXl8lLwBtHMWwaTcGfFOZviOJet3Oy/xmGk2gZH677CJM9EvtfdSkgWcATZhj/55JZ0rmy3myCT5lsA==",
      "license": "MIT",
      "dependencies": {
        "argparse": "^2.0.1"
      },
      "bin": {
        "js-yaml": "bin/js-yaml.js"
      }
    }
  }
}
